
Microsoft Visual Studio Solution File, Format Version 12.00
# Visual Studio Version 16
VisualStudioVersion = 16.0.31205.134
MinimumVisualStudioVersion = 10.0.40219.1
Project("{FAE04EC0-301F-11D3-BF4B-00C04F79EFBC}") = "StandardCalculator", "StandardCalculator\StandardCalculator.csproj", "{F518D889-CC40-426D-9B8F-54A4CAFA1383}"
EndProject
Global
	GlobalSection(SolutionConfigurationPlatforms) = preSolution
		Debug|Any CPU = Debug|Any CPU
		Release|Any CPU = Release|Any CPU
	EndGlobalSection
	GlobalSection(ProjectConfigurationPlatforms) = postSolution
		{F518D889-CC40-426D-9B8F-54A4CAFA1383}.Debug|Any CPU.ActiveCfg = Debug|Any CPU
		{F518D889-CC40-426D-9B8F-54A4CAFA1383}.Debug|Any CPU.Build.0 = Debug|Any CPU
		{F518D889-CC40-426D-9B8F-54A4CAFA1383}.Release|Any CPU.ActiveCfg = Release|Any CPU
		{F518D889-CC40-426D-9B8F-54A4CAFA1383}.Release|Any CPU.Build.0 = Release|Any CPU
	EndGlobalSection
	GlobalSection(SolutionProperties) = preSolution
		HideSolutionNode = FALSE
	EndGlobalSection
	GlobalSection(ExtensibilityGlobals) = postSolution
		SolutionGuid = {3BED2811-7A57-4994-A9BB-5C9BE1AE328A}
	EndGlobalSection
EndGlobal
